
Microsoft Visual Studio Solution File, Format Version 12.00
# Visual Studio Version 16
VisualStudioVersion = 16.0.29306.81
MinimumVisualStudioVersion = 10.0.40219.1
Project("{9A19103F-16F7-4668-BE54-9A1E7A4F7556}") = "InterestCalculator", "InterestCalculator.csproj", "{46C559E0-6308-4389-8321-CDD73548327F}"
EndProject
Project("{FAE04EC0-301F-11D3-BF4B-00C04F79EFBC}") = "SimpleInterest", "..\SimpleInterest\SimpleInterest.csproj", "{4DA1B54C-428D-4519-B2CC-DDAA00950FFA}"
EndProject
Project("{FAE04EC0-301F-11D3-BF4B-00C04F79EFBC}") = "SimpleInterestNUnitTesting", "..\SimpleInterestNUnitTesting\SimpleInterestNUnitTesting.csproj", "{11EB949A-0145-434D-8F00-13D367B1C137}"
EndProject
Global
	GlobalSection(SolutionConfigurationPlatforms) = preSolution
		Debug|Any CPU = Debug|Any CPU
		Release|Any CPU = Release|Any CPU
	EndGlobalSection
	GlobalSection(ProjectConfigurationPlatforms) = postSolution
		{46C559E0-6308-4389-8321-CDD73548327F}.Debug|Any CPU.ActiveCfg = Debug|Any CPU
		{46C559E0-6308-4389-8321-CDD73548327F}.Debug|Any CPU.Build.0 = Debug|Any CPU
		{46C559E0-6308-4389-8321-CDD73548327F}.Release|Any CPU.ActiveCfg = Release|Any CPU
		{46C559E0-6308-4389-8321-CDD73548327F}.Release|Any CPU.Build.0 = Release|Any CPU
		{4DA1B54C-428D-4519-B2CC-DDAA00950FFA}.Debug|Any CPU.ActiveCfg = Debug|Any CPU
		{4DA1B54C-428D-4519-B2CC-DDAA00950FFA}.Debug|Any CPU.Build.0 = Debug|Any CPU
		{4DA1B54C-428D-4519-B2CC-DDAA00950FFA}.Release|Any CPU.ActiveCfg = Release|Any CPU
		{4DA1B54C-428D-4519-B2CC-DDAA00950FFA}.Release|Any CPU.Build.0 = Release|Any CPU
		{11EB949A-0145-434D-8F00-13D367B1C137}.Debug|Any CPU.ActiveCfg = Debug|Any CPU
		{11EB949A-0145-434D-8F00-13D367B1C137}.Debug|Any CPU.Build.0 = Debug|Any CPU
		{11EB949A-0145-434D-8F00-13D367B1C137}.Release|Any CPU.ActiveCfg = Release|Any CPU
		{11EB949A-0145-434D-8F00-13D367B1C137}.Release|Any CPU.Build.0 = Release|Any CPU
	EndGlobalSection
	GlobalSection(SolutionProperties) = preSolution
		HideSolutionNode = FALSE
	EndGlobalSection
	GlobalSection(ExtensibilityGlobals) = postSolution
		SolutionGuid = {4CFAE51D-2CBD-4600-9A71-754E143A23BF}
	EndGlobalSection
EndGlobal
